
Microsoft Visual Studio Solution File, Format Version 12.00
# Visual Studio 15
VisualStudioVersion = 15.0.28307.645
MinimumVisualStudioVersion = 10.0.40219.1
Project("{FAE04EC0-301F-11D3-BF4B-00C04F79EFBC}") = "WebCalculatorExample", "WebCalculatorExample\WebCalculatorExample.csproj", "{2B95A9C8-4614-466C-9A79-D48B1BEAC90D}"
EndProject
Project("{FAE04EC0-301F-11D3-BF4B-00C04F79EFBC}") = "WebCalculatorExample.Tests", "WebCalculatorExample.Tests\WebCalculatorExample.Tests.csproj", "{10BBDC26-DF8C-4161-A7A7-5AC901169DBE}"
EndProject
Global
	GlobalSection(SolutionConfigurationPlatforms) = preSolution
		Debug|Any CPU = Debug|Any CPU
		Release|Any CPU = Release|Any CPU
	EndGlobalSection
	GlobalSection(ProjectConfigurationPlatforms) = postSolution
		{2B95A9C8-4614-466C-9A79-D48B1BEAC90D}.Debug|Any CPU.ActiveCfg = Debug|Any CPU
		{2B95A9C8-4614-466C-9A79-D48B1BEAC90D}.Debug|Any CPU.Build.0 = Debug|Any CPU
		{2B95A9C8-4614-466C-9A79-D48B1BEAC90D}.Release|Any CPU.ActiveCfg = Release|Any CPU
		{2B95A9C8-4614-466C-9A79-D48B1BEAC90D}.Release|Any CPU.Build.0 = Release|Any CPU
		{10BBDC26-DF8C-4161-A7A7-5AC901169DBE}.Debug|Any CPU.ActiveCfg = Debug|Any CPU
		{10BBDC26-DF8C-4161-A7A7-5AC901169DBE}.Debug|Any CPU.Build.0 = Debug|Any CPU
		{10BBDC26-DF8C-4161-A7A7-5AC901169DBE}.Release|Any CPU.ActiveCfg = Release|Any CPU
		{10BBDC26-DF8C-4161-A7A7-5AC901169DBE}.Release|Any CPU.Build.0 = Release|Any CPU
	EndGlobalSection
	GlobalSection(SolutionProperties) = preSolution
		HideSolutionNode = FALSE
	EndGlobalSection
	GlobalSection(ExtensibilityGlobals) = postSolution
		SolutionGuid = {FEFFBA79-FA23-468F-9CD8-734A856C6847}
	EndGlobalSection
EndGlobal
